{
  "name": "magento-base",
  "version": "1.0.0",
  "lockfileVersion": 1,
  "requires": true,
  "dependencies": {
    "clamp": {
      "version": "1.0.1",
      "resolved": "https://registry.npmjs.org/clamp/-/clamp-1.0.1.tgz",
      "integrity": "sha1-ZqDmQBGBbjcZaCj9yMjBRzEshjQ="
    },
    "cpf_cnpj": {
      "version": "0.2.0",
      "resolved": "https://registry.npmjs.org/cpf_cnpj/-/cpf_cnpj-0.2.0.tgz",
      "integrity": "sha1-oDLBkkKjjoNj7c5OeLsfvp1mSqU="
    },
    "creditcard-info": {
      "version": "0.2.4",
      "resolved": "https://registry.npmjs.org/creditcard-info/-/creditcard-info-0.2.4.tgz",
      "integrity": "sha1-GoEWm+wMIHWWVczPqYEm0N9VaHY=",
      "requires": {
        "lodash": "3.10.1",
        "luhn": "2.1.0"
      }
    },
    "creditcardgenerator": {
      "version": "1.0.7",
      "resolved": "https://registry.npmjs.org/creditcardgenerator/-/creditcardgenerator-1.0.7.tgz",
      "integrity": "sha1-viuGLox5KTJBY7kLApdNX/Qaz5I="
    },
    "emitus": {
      "version": "2.0.3",
      "resolved": "https://registry.npmjs.org/emitus/-/emitus-2.0.3.tgz",
      "integrity": "sha1-UDQNUal+iSF5Xj8PH9dJdIdahZY="
    },
    "is-array": {
      "version": "1.0.1",
      "resolved": "https://registry.npmjs.org/is-array/-/is-array-1.0.1.tgz",
      "integrity": "sha1-6YUMwsyGDDvAl36EzPDdRkWEJ5o="
    },
    "is-array-like": {
      "version": "1.1.2",
      "resolved": "https://registry.npmjs.org/is-array-like/-/is-array-like-1.1.2.tgz",
      "integrity": "sha1-fygKp3f1PrMfdOHc0+BAkjGGwgU=",
      "requires": {
        "is-array": "1.0.1",
        "is-function": "1.0.1",
        "is-window": "1.0.2"
      }
    },
    "is-function": {
      "version": "1.0.1",
      "resolved": "https://registry.npmjs.org/is-function/-/is-function-1.0.1.tgz",
      "integrity": "sha1-Es+5i2W1fdPRk6MSH19uL0N2ArU="
    },
    "is-nil": {
      "version": "1.0.1",
      "resolved": "https://registry.npmjs.org/is-nil/-/is-nil-1.0.1.tgz",
      "integrity": "sha1-LauingtYUGOHXntTnQcfWxWTeWk="
    },
    "is-object": {
      "version": "1.0.1",
      "resolved": "https://registry.npmjs.org/is-object/-/is-object-1.0.1.tgz",
      "integrity": "sha1-iVJojF7C/9awPsyF52ngKQMINHA="
    },
    "is-symbol": {
      "version": "1.0.1",
      "resolved": "https://registry.npmjs.org/is-symbol/-/is-symbol-1.0.1.tgz",
      "integrity": "sha1-PMWfAAJRlLarLjjbrmaJJWtmBXI="
    },
    "is-visible": {
      "version": "2.1.1",
      "resolved": "https://registry.npmjs.org/is-visible/-/is-visible-2.1.1.tgz",
      "integrity": "sha1-ZyHtXMcw+Rh3CWQ/1gvz6Egd3a8=",
      "requires": {
        "iselement": "1.1.4",
        "style-properties": "1.3.1"
      }
    },
    "is-window": {
      "version": "1.0.2",
      "resolved": "https://registry.npmjs.org/is-window/-/is-window-1.0.2.tgz",
      "integrity": "sha1-LIlspT25feRdPDMTOmXYyfVjSA0="
    },
    "iselement": {
      "version": "1.1.4",
      "resolved": "https://registry.npmjs.org/iselement/-/iselement-1.1.4.tgz",
      "integrity": "sha1-flW1Ko68pQp+LoDluNKEDzI1MUY="
    },
    "lodash": {
      "version": "3.10.1",
      "resolved": "https://registry.npmjs.org/lodash/-/lodash-3.10.1.tgz",
      "integrity": "sha1-W/Rejkm6QYnhfUgnid/RW9FAt7Y="
    },
    "luhn": {
      "version": "2.1.0",
      "resolved": "https://registry.npmjs.org/luhn/-/luhn-2.1.0.tgz",
      "integrity": "sha1-TQ1rt+jcgN0Jo0xC4EI8163x75o="
    },
    "max-array-length": {
      "version": "1.0.0",
      "resolved": "https://registry.npmjs.org/max-array-length/-/max-array-length-1.0.0.tgz",
      "integrity": "sha1-DmT12l3rR7zaqrRxYNZunybtRjE="
    },
    "max-safe-int": {
      "version": "1.0.0",
      "resolved": "https://registry.npmjs.org/max-safe-int/-/max-safe-int-1.0.0.tgz",
      "integrity": "sha1-RPuo7Jk97ZH7LFo15xz5yfNpzlI="
    },
    "pick-item": {
      "version": "1.0.4",
      "resolved": "https://registry.npmjs.org/pick-item/-/pick-item-1.0.4.tgz",
      "integrity": "sha1-DgbK/bm4Hu4ak7zg3y3OYEyekBU=",
      "requires": {
        "is-array-like": "1.1.2",
        "random-index": "1.0.4"
      }
    },
    "prelodr": {
      "version": "2.1.1",
      "resolved": "https://registry.npmjs.org/prelodr/-/prelodr-2.1.1.tgz",
      "integrity": "sha1-/TYuNruViWmMDLBM3v6bgcp48hk=",
      "requires": {
        "emitus": "2.0.3",
        "seqr": "1.0.7"
      }
    },
    "quesk": {
      "version": "2.0.1",
      "resolved": "https://registry.npmjs.org/quesk/-/quesk-2.0.1.tgz",
      "integrity": "sha1-H3iQnbzsZ4HFv8GbJI5Vn0OhFo0="
    },
    "random-bool": {
      "version": "1.0.2",
      "resolved": "https://registry.npmjs.org/random-bool/-/random-bool-1.0.2.tgz",
      "integrity": "sha1-kiZ82UxiZRgPBzyBSzHVESG26v4=",
      "requires": {
        "is-nil": "1.0.1"
      }
    },
    "random-firstname": {
      "version": "1.0.1",
      "resolved": "https://registry.npmjs.org/random-firstname/-/random-firstname-1.0.1.tgz",
      "integrity": "sha1-mwapU9qhsP2V6iucK1yeioU8yMY=",
      "requires": {
        "pick-item": "1.0.4",
        "random-bool": "1.0.2"
      }
    },
    "random-fullname": {
      "version": "1.0.2",
      "resolved": "https://registry.npmjs.org/random-fullname/-/random-fullname-1.0.2.tgz",
      "integrity": "sha1-I6JPX0PS1SJPJuUAqjnyf+G6Bh4=",
      "requires": {
        "random-firstname": "1.0.1",
        "random-lastname": "1.0.1"
      }
    },
    "random-index": {
      "version": "1.0.4",
      "resolved": "https://registry.npmjs.org/random-index/-/random-index-1.0.4.tgz",
      "integrity": "sha1-VMDR7Xx/xDaD/IjWS3cTvfW05h0=",
      "requires": {
        "max-array-length": "1.0.0",
        "random-natural": "1.0.3"
      }
    },
    "random-integral": {
      "version": "1.0.3",
      "resolved": "https://registry.npmjs.org/random-integral/-/random-integral-1.0.3.tgz",
      "integrity": "sha1-j/PBF1ZcmgS2bd1VnzrtKb0PD2w=",
      "requires": {
        "clamp": "1.0.1",
        "max-safe-int": "1.0.0",
        "to-integer": "1.0.1"
      }
    },
    "random-item": {
      "version": "1.0.0",
      "resolved": "https://registry.npmjs.org/random-item/-/random-item-1.0.0.tgz",
      "integrity": "sha1-Fu4xYmywUMihaGpfD0KmuZoqrxE="
    },
    "random-lastname": {
      "version": "1.0.1",
      "resolved": "https://registry.npmjs.org/random-lastname/-/random-lastname-1.0.1.tgz",
      "integrity": "sha1-HSZl+ojSy7+rze2w+7zJgnL1Jb8=",
      "requires": {
        "pick-item": "1.0.4"
      }
    },
    "random-month": {
      "version": "1.0.1",
      "resolved": "https://registry.npmjs.org/random-month/-/random-month-1.0.1.tgz",
      "integrity": "sha1-8v8cyhAhzGF5nnPOQ9I1UdhuXk8=",
      "requires": {
        "random-natural": "1.0.3"
      }
    },
    "random-natural": {
      "version": "1.0.3",
      "resolved": "https://registry.npmjs.org/random-natural/-/random-natural-1.0.3.tgz",
      "integrity": "sha1-7yhhWwPCy3Gq6/fyT0hyZqRDxcA=",
      "requires": {
        "max-safe-int": "1.0.0",
        "random-integral": "1.0.3"
      }
    },
    "random-year": {
      "version": "1.0.2",
      "resolved": "https://registry.npmjs.org/random-year/-/random-year-1.0.2.tgz",
      "integrity": "sha1-WpJePE7jp7Y0w3OqDW2Ai+S5KfU=",
      "requires": {
        "random-natural": "1.0.3"
      }
    },
    "seqr": {
      "version": "1.0.7",
      "resolved": "https://registry.npmjs.org/seqr/-/seqr-1.0.7.tgz",
      "integrity": "sha1-Vap6nhnXnzMkzOIEg53UwRjbpxk=",
      "requires": {
        "quesk": "2.0.1"
      }
    },
    "smart-utils": {
      "version": "0.0.7",
      "resolved": "https://registry.npmjs.org/smart-utils/-/smart-utils-0.0.7.tgz",
      "integrity": "sha1-IAG8MURVhk6fUWhsc/o+yCGtyfE="
    },
    "style-properties": {
      "version": "1.3.1",
      "resolved": "https://registry.npmjs.org/style-properties/-/style-properties-1.3.1.tgz",
      "integrity": "sha1-f4YXQh8pWRV/CNCe7LqGiKFYVMU="
    },
    "to-integer": {
      "version": "1.0.1",
      "resolved": "https://registry.npmjs.org/to-integer/-/to-integer-1.0.1.tgz",
      "integrity": "sha1-URrUHc5qk3MKjztuNaFk/YKUZNo=",
      "requires": {
        "is-function": "1.0.1",
        "is-nil": "1.0.1",
        "is-object": "1.0.1",
        "is-symbol": "1.0.1"
      }
    },
    "underscore": {
      "version": "1.8.3",
      "resolved": "https://registry.npmjs.org/underscore/-/underscore-1.8.3.tgz",
      "integrity": "sha1-Tz+1OxBuYJf8+ctBCfKl6b36UCI="
    }
  }
}
